
Microsoft Visual Studio Solution File, Format Version 12.00
# Visual Studio Version 16
VisualStudioVersion = 16.0.29709.97
MinimumVisualStudioVersion = 10.0.40219.1
Project("{FAE04EC0-301F-11D3-BF4B-00C04F79EFBC}") = "SeniorDesign", "SeniorDesign.csproj", "{30A86FF2-2F67-45A8-8606-B31A9D08D51F}"
EndProject
Global
	GlobalSection(SolutionConfigurationPlatforms) = preSolution
		Debug|Any CPU = Debug|Any CPU
		Release|Any CPU = Release|Any CPU
	EndGlobalSection
	GlobalSection(ProjectConfigurationPlatforms) = postSolution
		{30A86FF2-2F67-45A8-8606-B31A9D08D51F}.Debug|Any CPU.ActiveCfg = Debug|Any CPU
		{30A86FF2-2F67-45A8-8606-B31A9D08D51F}.Debug|Any CPU.Build.0 = Debug|Any CPU
		{30A86FF2-2F67-45A8-8606-B31A9D08D51F}.Release|Any CPU.ActiveCfg = Release|Any CPU
		{30A86FF2-2F67-45A8-8606-B31A9D08D51F}.Release|Any CPU.Build.0 = Release|Any CPU
	EndGlobalSection
	GlobalSection(SolutionProperties) = preSolution
		HideSolutionNode = FALSE
	EndGlobalSection
	GlobalSection(ExtensibilityGlobals) = postSolution
		SolutionGuid = {0A014125-0FB2-4686-9B31-86B6AD094B24}
	EndGlobalSection
EndGlobal
